
Microsoft Visual Studio Solution File, Format Version 12.00
# Visual Studio 15
VisualStudioVersion = 15.0.27130.2020
MinimumVisualStudioVersion = 10.0.40219.1
Project("{FAE04EC0-301F-11D3-BF4B-00C04F79EFBC}") = "UI", "DoAn\UI.csproj", "{77565012-1A20-4E9E-A749-F1031C610602}"
EndProject
Project("{FAE04EC0-301F-11D3-BF4B-00C04F79EFBC}") = "Controller", "Controller\Controller.csproj", "{5FFB4BAC-B0D4-4244-B53E-687E8E01C176}"
EndProject
Project("{FAE04EC0-301F-11D3-BF4B-00C04F79EFBC}") = "DataAcess", "DataAcess\DataAcess.csproj", "{025EC7DA-D79F-45F4-9F65-DE6040610C96}"
EndProject
Global
	GlobalSection(SolutionConfigurationPlatforms) = preSolution
		Debug|Any CPU = Debug|Any CPU
		Release|Any CPU = Release|Any CPU
	EndGlobalSection
	GlobalSection(ProjectConfigurationPlatforms) = postSolution
		{77565012-1A20-4E9E-A749-F1031C610602}.Debug|Any CPU.ActiveCfg = Debug|Any CPU
		{77565012-1A20-4E9E-A749-F1031C610602}.Debug|Any CPU.Build.0 = Debug|Any CPU
		{77565012-1A20-4E9E-A749-F1031C610602}.Release|Any CPU.ActiveCfg = Release|Any CPU
		{77565012-1A20-4E9E-A749-F1031C610602}.Release|Any CPU.Build.0 = Release|Any CPU
		{5FFB4BAC-B0D4-4244-B53E-687E8E01C176}.Debug|Any CPU.ActiveCfg = Debug|Any CPU
		{5FFB4BAC-B0D4-4244-B53E-687E8E01C176}.Debug|Any CPU.Build.0 = Debug|Any CPU
		{5FFB4BAC-B0D4-4244-B53E-687E8E01C176}.Release|Any CPU.ActiveCfg = Release|Any CPU
		{5FFB4BAC-B0D4-4244-B53E-687E8E01C176}.Release|Any CPU.Build.0 = Release|Any CPU
		{025EC7DA-D79F-45F4-9F65-DE6040610C96}.Debug|Any CPU.ActiveCfg = Debug|Any CPU
		{025EC7DA-D79F-45F4-9F65-DE6040610C96}.Debug|Any CPU.Build.0 = Debug|Any CPU
		{025EC7DA-D79F-45F4-9F65-DE6040610C96}.Release|Any CPU.ActiveCfg = Release|Any CPU
		{025EC7DA-D79F-45F4-9F65-DE6040610C96}.Release|Any CPU.Build.0 = Release|Any CPU
	EndGlobalSection
	GlobalSection(SolutionProperties) = preSolution
		HideSolutionNode = FALSE
	EndGlobalSection
	GlobalSection(ExtensibilityGlobals) = postSolution
		SolutionGuid = {5FCE8041-42E0-44C3-B25C-6D80E37050CD}
	EndGlobalSection
EndGlobal
